
Microsoft Visual Studio Solution File, Format Version 12.00
# Visual Studio Version 16
VisualStudioVersion = 16.0.31729.503
MinimumVisualStudioVersion = 10.0.40219.1
Project("{2150E333-8FDC-42A3-9474-1A3956D46DE8}") = "Modelo.API", "Modelo.API", "{395E7D38-4082-4242-A1B8-6AFCBDA17DD4}"
EndProject
Project("{9A19103F-16F7-4668-BE54-9A1E7A4F7556}") = "APIProduto", "APIProduto\APIProduto.csproj", "{F73562B6-F055-452E-BA70-D26216D6D00E}"
EndProject
Project("{2150E333-8FDC-42A3-9474-1A3956D46DE8}") = "Modelo.Domain", "Modelo.Domain", "{C932E635-D2D2-4B4C-B2F3-DDAFE76D0B19}"
EndProject
Project("{9A19103F-16F7-4668-BE54-9A1E7A4F7556}") = "Modelo.Domain", "Modelo.Domain\Modelo.Domain.csproj", "{2AC96D46-2A15-49F7-B2B8-1E47AAFC98F5}"
EndProject
Project("{2150E333-8FDC-42A3-9474-1A3956D46DE8}") = "Modelo.Infra", "Modelo.Infra", "{A7ACAB67-934C-47BA-AB2E-B9702E924DDB}"
EndProject
Project("{9A19103F-16F7-4668-BE54-9A1E7A4F7556}") = "Modelo.Infra", "Modelo.Infra\Modelo.Infra.csproj", "{66821BDF-9DFE-4159-A340-77BF0C434EEA}"
EndProject
Project("{2150E333-8FDC-42A3-9474-1A3956D46DE8}") = "Modelo.Service", "Modelo.Service", "{931D08A0-6E4F-4250-BFF6-05D7C4B5FA3E}"
EndProject
Project("{9A19103F-16F7-4668-BE54-9A1E7A4F7556}") = "Modelo.Service", "Modelo.Service\Modelo.Service.csproj", "{8046DE6A-E98D-4C11-AAF3-7A8459C84BE3}"
EndProject
Project("{2150E333-8FDC-42A3-9474-1A3956D46DE8}") = "Modelo.Application", "Modelo.Application", "{400CB55D-115E-4496-B1AC-CB7E3E082858}"
EndProject
Project("{9A19103F-16F7-4668-BE54-9A1E7A4F7556}") = "Modelo.Application", "Modelo.Application\Modelo.Application.csproj", "{944BD9C2-B40A-436B-9799-2293ED757FDE}"
EndProject
Project("{2150E333-8FDC-42A3-9474-1A3956D46DE8}") = "Tests", "Tests", "{5737611B-73F4-4191-A4BD-0F67A67081F9}"
EndProject
Project("{FAE04EC0-301F-11D3-BF4B-00C04F79EFBC}") = "ModeloApiTest", "ModeloApiTest\ModeloApiTest.csproj", "{FD38AFC4-2E9A-4E3E-9A81-E8A58EDBDFAF}"
EndProject
Project("{2150E333-8FDC-42A3-9474-1A3956D46DE8}") = "ApiTest", "ApiTest", "{F62F0B83-3E95-47B3-B9E2-0EF83269924F}"
EndProject
Global
	GlobalSection(SolutionConfigurationPlatforms) = preSolution
		Debug|Any CPU = Debug|Any CPU
		Release|Any CPU = Release|Any CPU
	EndGlobalSection
	GlobalSection(ProjectConfigurationPlatforms) = postSolution
		{F73562B6-F055-452E-BA70-D26216D6D00E}.Debug|Any CPU.ActiveCfg = Debug|Any CPU
		{F73562B6-F055-452E-BA70-D26216D6D00E}.Debug|Any CPU.Build.0 = Debug|Any CPU
		{F73562B6-F055-452E-BA70-D26216D6D00E}.Release|Any CPU.ActiveCfg = Release|Any CPU
		{F73562B6-F055-452E-BA70-D26216D6D00E}.Release|Any CPU.Build.0 = Release|Any CPU
		{2AC96D46-2A15-49F7-B2B8-1E47AAFC98F5}.Debug|Any CPU.ActiveCfg = Debug|Any CPU
		{2AC96D46-2A15-49F7-B2B8-1E47AAFC98F5}.Debug|Any CPU.Build.0 = Debug|Any CPU
		{2AC96D46-2A15-49F7-B2B8-1E47AAFC98F5}.Release|Any CPU.ActiveCfg = Release|Any CPU
		{2AC96D46-2A15-49F7-B2B8-1E47AAFC98F5}.Release|Any CPU.Build.0 = Release|Any CPU
		{66821BDF-9DFE-4159-A340-77BF0C434EEA}.Debug|Any CPU.ActiveCfg = Debug|Any CPU
		{66821BDF-9DFE-4159-A340-77BF0C434EEA}.Debug|Any CPU.Build.0 = Debug|Any CPU
		{66821BDF-9DFE-4159-A340-77BF0C434EEA}.Release|Any CPU.ActiveCfg = Release|Any CPU
		{66821BDF-9DFE-4159-A340-77BF0C434EEA}.Release|Any CPU.Build.0 = Release|Any CPU
		{8046DE6A-E98D-4C11-AAF3-7A8459C84BE3}.Debug|Any CPU.ActiveCfg = Debug|Any CPU
		{8046DE6A-E98D-4C11-AAF3-7A8459C84BE3}.Debug|Any CPU.Build.0 = Debug|Any CPU
		{8046DE6A-E98D-4C11-AAF3-7A8459C84BE3}.Release|Any CPU.ActiveCfg = Release|Any CPU
		{8046DE6A-E98D-4C11-AAF3-7A8459C84BE3}.Release|Any CPU.Build.0 = Release|Any CPU
		{944BD9C2-B40A-436B-9799-2293ED757FDE}.Debug|Any CPU.ActiveCfg = Debug|Any CPU
		{944BD9C2-B40A-436B-9799-2293ED757FDE}.Debug|Any CPU.Build.0 = Debug|Any CPU
		{944BD9C2-B40A-436B-9799-2293ED757FDE}.Release|Any CPU.ActiveCfg = Release|Any CPU
		{944BD9C2-B40A-436B-9799-2293ED757FDE}.Release|Any CPU.Build.0 = Release|Any CPU
		{FD38AFC4-2E9A-4E3E-9A81-E8A58EDBDFAF}.Debug|Any CPU.ActiveCfg = Debug|Any CPU
		{FD38AFC4-2E9A-4E3E-9A81-E8A58EDBDFAF}.Debug|Any CPU.Build.0 = Debug|Any CPU
		{FD38AFC4-2E9A-4E3E-9A81-E8A58EDBDFAF}.Release|Any CPU.ActiveCfg = Release|Any CPU
		{FD38AFC4-2E9A-4E3E-9A81-E8A58EDBDFAF}.Release|Any CPU.Build.0 = Release|Any CPU
	EndGlobalSection
	GlobalSection(SolutionProperties) = preSolution
		HideSolutionNode = FALSE
	EndGlobalSection
	GlobalSection(NestedProjects) = preSolution
		{F73562B6-F055-452E-BA70-D26216D6D00E} = {395E7D38-4082-4242-A1B8-6AFCBDA17DD4}
		{2AC96D46-2A15-49F7-B2B8-1E47AAFC98F5} = {C932E635-D2D2-4B4C-B2F3-DDAFE76D0B19}
		{66821BDF-9DFE-4159-A340-77BF0C434EEA} = {A7ACAB67-934C-47BA-AB2E-B9702E924DDB}
		{8046DE6A-E98D-4C11-AAF3-7A8459C84BE3} = {931D08A0-6E4F-4250-BFF6-05D7C4B5FA3E}
		{944BD9C2-B40A-436B-9799-2293ED757FDE} = {400CB55D-115E-4496-B1AC-CB7E3E082858}
		{FD38AFC4-2E9A-4E3E-9A81-E8A58EDBDFAF} = {F62F0B83-3E95-47B3-B9E2-0EF83269924F}
		{F62F0B83-3E95-47B3-B9E2-0EF83269924F} = {5737611B-73F4-4191-A4BD-0F67A67081F9}
	EndGlobalSection
	GlobalSection(ExtensibilityGlobals) = postSolution
		SolutionGuid = {04ACED5F-E025-4441-A93E-26C28A642C6D}
	EndGlobalSection
EndGlobal
